{
  "name": "jev-agent-control",
  "version": "0.3.0",
  "lockfileVersion": 3,
  "requires": true,
  "packages": {
    "": {
      "name": "jev-agent-control",
      "version": "0.3.0",
      "license": "MIT",
      "bin": {
        "jev-control": "bin/jev-control.mjs"
      },
      "engines": {
        "node": ">=22"
      }
    }
  }
}
